PODS:
  - Alamofire (5.0.0-rc.3)
  - Kingfisher (5.11.0):
    - Kingfisher/Core (= 5.11.0)
  - Kingfisher/Core (5.11.0)

DEPENDENCIES:
  - Alamofire (~> 5.0.0-rc.3)
  - Kingfisher (~> 5.0)

SPEC REPOS:
  trunk:
    - Alamofire
    - Kingfisher

SPEC CHECKSUMS:
  Alamofire: ca8c0de6906873be89d6deec5c8de279e00bf872
  Kingfisher: 4569606189149e19c7d9439f47e885d0679b7a90

PODFILE CHECKSUM: 653713184943a585e569e4602090b5f98d2b5fca

COCOAPODS: 1.8.4
