// !$*UTF8*$!
{
	archiveVersion = 1;
	classes = {
	};
	objectVersion = 51;
	objects = {

/* Begin PBXBuildFile section */
		5FAA2F2D23A24C8A0016F4E5 /* AppDelegate.swift in Sources */ = {isa = PBXBuildFile; fileRef = 5FAA2F2C23A24C8A0016F4E5 /* AppDelegate.swift */; };
		5FAA2F2F23A24C8A0016F4E5 /* SceneDelegate.swift in Sources */ = {isa = PBXBuildFile; fileRef = 5FAA2F2E23A24C8A0016F4E5 /* SceneDelegate.swift */; };
		5FAA2F3123A24C8A0016F4E5 /* ViewController.swift in Sources */ = {isa = PBXBuildFile; fileRef = 5FAA2F3023A24C8A0016F4E5 /* ViewController.swift */; };
		5FAA2F3423A24C8A0016F4E5 /* Main.storyboard in Resources */ = {isa = PBXBuildFile; fileRef = 5FAA2F3223A24C8A0016F4E5 /* Main.storyboard */; };
		5FAA2F3623A24C8C0016F4E5 /* Assets.xcassets in Resources */ = {isa = PBXBuildFile; fileRef = 5FAA2F3523A24C8C0016F4E5 /* Assets.xcassets */; };
		5FAA2F3923A24C8C0016F4E5 /* LaunchScreen.storyboard in Resources */ = {isa = PBXBuildFile; fileRef = 5FAA2F3723A24C8C0016F4E5 /* LaunchScreen.storyboard */; };
		5FAA2F4223A24DBE0016F4E5 /* Company.swift in Sources */ = {isa = PBXBuildFile; fileRef = 5FAA2F4123A24DBE0016F4E5 /* Company.swift */; };
		D80081CCD12C9759D2AEA0F3 /* Pods_Club.framework in Frameworks */ = {isa = PBXBuildFile; fileRef = 8C3A860D870E306D6F564E49 /* Pods_Club.framework */; };
/* End PBXBuildFile section */

/* Begin PBXFileReference section */
		5FAA2F2923A24C8A0016F4E5 /* Club.app */ = {isa = PBXFileReference; explicitFileType = wrapper.application; includeInIndex = 0; path = Club.app; sourceTree = BUILT_PRODUCTS_DIR; };
		5FAA2F2C23A24C8A0016F4E5 /* AppDelegate.swift */ = {isa = PBXFileReference; lastKnownFileType = sourcecode.swift; path = AppDelegate.swift; sourceTree = "<group>"; };
		5FAA2F2E23A24C8A0016F4E5 /* SceneDelegate.swift */ = {isa = PBXFileReference; lastKnownFileType = sourcecode.swift; path = SceneDelegate.swift; sourceTree = "<group>"; };
		5FAA2F3023A24C8A0016F4E5 /* ViewController.swift */ = {isa = PBXFileReference; lastKnownFileType = sourcecode.swift; path = ViewController.swift; sourceTree = "<group>"; };
		5FAA2F3323A24C8A0016F4E5 /* Base */ = {isa = PBXFileReference; lastKnownFileType = file.storyboard; name = Base; path = Base.lproj/Main.storyboard; sourceTree = "<group>"; };
		5FAA2F3523A24C8C0016F4E5 /* Assets.xcassets */ = {isa = PBXFileReference; lastKnownFileType = folder.assetcatalog; path = Assets.xcassets; sourceTree = "<group>"; };
		5FAA2F3823A24C8C0016F4E5 /* Base */ = {isa = PBXFileReference; lastKnownFileType = file.storyboard; name = Base; path = Base.lproj/LaunchScreen.storyboard; sourceTree = "<group>"; };
		5FAA2F3A23A24C8C0016F4E5 /* Info.plist */ = {isa = PBXFileReference; lastKnownFileType = text.plist.xml; path = Info.plist; sourceTree = "<group>"; };
		5FAA2F4123A24DBE0016F4E5 /* Company.swift */ = {isa = PBXFileReference; lastKnownFileType = sourcecode.swift; path = Company.swift; sourceTree = "<group>"; };
		83B107C50B9E2410427E05D0 /* Pods-Club.debug.xcconfig */ = {isa = PBXFileReference; includeInIndex = 1; lastKnownFileType = text.xcconfig; name = "Pods-Club.debug.xcconfig"; path = "Target Support Files/Pods-Club/Pods-Club.debug.xcconfig"; sourceTree = "<group>"; };
		8C3A860D870E306D6F564E49 /* Pods_Club.framework */ = {isa = PBXFileReference; explicitFileType = wrapper.framework; includeInIndex = 0; path = Pods_Club.framework; sourceTree = BUILT_PRODUCTS_DIR; };
		FB4A8898263C224833636F03 /* Pods-Club.release.xcconfig */ = {isa = PBXFileReference; includeInIndex = 1; lastKnownFileType = text.xcconfig; name = "Pods-Club.release.xcconfig"; path = "Target Support Files/Pods-Club/Pods-Club.release.xcconfig"; sourceTree = "<group>"; };
/* End PBXFileReference section */

/* Begin PBXFrameworksBuildPhase section */
		5FAA2F2623A24C8A0016F4E5 /* Frameworks */ = {
			isa = PBXFrameworksBuildPhase;
			buildActionMask = 2147483647;
			files = (
				D80081CCD12C9759D2AEA0F3 /* Pods_Club.framework in Frameworks */,
			);
			runOnlyForDeploymentPostprocessing = 0;
		};
/* End PBXFrameworksBuildPhase section */

/* Begin PBXGroup section */
		07771FBBAD2487B6D70813C4 /* Pods */ = {
			isa = PBXGroup;
			children = (
				83B107C50B9E2410427E05D0 /* Pods-Club.debug.xcconfig */,
				FB4A8898263C224833636F03 /* Pods-Club.release.xcconfig */,
			);
			path = Pods;
			sourceTree = "<group>";
		};
		5FAA2F2023A24C8A0016F4E5 = {
			isa = PBXGroup;
			children = (
				5FAA2F2B23A24C8A0016F4E5 /* Club */,
				5FAA2F2A23A24C8A0016F4E5 /* Products */,
				07771FBBAD2487B6D70813C4 /* Pods */,
				CD2765B6FA5695CF06754457 /* Frameworks */,
			);
			sourceTree = "<group>";
		};
		5FAA2F2A23A24C8A0016F4E5 /* Products */ = {
			isa = PBXGroup;
			children = (
				5FAA2F2923A24C8A0016F4E5 /* Club.app */,
			);
			name = Products;
			sourceTree = "<group>";
		};
		5FAA2F2B23A24C8A0016F4E5 /* Club */ = {
			isa = PBXGroup;
			children = (
				5FAA2F4023A24DA30016F4E5 /* Models */,
				5FAA2F2C23A24C8A0016F4E5 /* AppDelegate.swift */,
				5FAA2F2E23A24C8A0016F4E5 /* SceneDelegate.swift */,
				5FAA2F3023A24C8A0016F4E5 /* ViewController.swift */,
				5FAA2F3223A24C8A0016F4E5 /* Main.storyboard */,
				5FAA2F3523A24C8C0016F4E5 /* Assets.xcassets */,
				5FAA2F3723A24C8C0016F4E5 /* LaunchScreen.storyboard */,
				5FAA2F3A23A24C8C0016F4E5 /* Info.plist */,
			);
			path = Club;
			sourceTree = "<group>";
		};
		5FAA2F4023A24DA30016F4E5 /* Models */ = {
			isa = PBXGroup;
			children = (
				5FAA2F4123A24DBE0016F4E5 /* Company.swift */,
			);
			path = Models;
			sourceTree = "<group>";
		};
		CD2765B6FA5695CF06754457 /* Frameworks */ = {
			isa = PBXGroup;
			children = (
				8C3A860D870E306D6F564E49 /* Pods_Club.framework */,
			);
			name = Frameworks;
			sourceTree = "<group>";
		};
/* End PBXGroup section */

/* Begin PBXNativeTarget section */
		5FAA2F2823A24C8A0016F4E5 /* Club */ = {
			isa = PBXNativeTarget;
			buildConfigurationList = 5FAA2F3D23A24C8C0016F4E5 /* Build configuration list for PBXNativeTarget "Club" */;
			buildPhases = (
				A73F1356AF0CB3A6E0E79D75 /* [CP] Check Pods Manifest.lock */,
				5FAA2F2523A24C8A0016F4E5 /* Sources */,
				5FAA2F2623A24C8A0016F4E5 /* Frameworks */,
				5FAA2F2723A24C8A0016F4E5 /* Resources */,
				6AECF194D8010044A36E06C7 /* [CP] Embed Pods Frameworks */,
			);
			buildRules = (
			);
			dependencies = (
			);
			name = Club;
			productName = Club;
			productReference = 5FAA2F2923A24C8A0016F4E5 /* Club.app */;
			productType = "com.apple.product-type.application";
		};
/* End PBXNativeTarget section */

/* Begin PBXProject section */
		5FAA2F2123A24C8A0016F4E5 /* Project object */ = {
			isa = PBXProject;
			attributes = {
				LastSwiftUpdateCheck = 1100;
				LastUpgradeCheck = 1100;
				ORGANIZATIONNAME = "Radhika KS01";
				TargetAttributes = {
					5FAA2F2823A24C8A0016F4E5 = {
						CreatedOnToolsVersion = 11.0;
					};
				};
			};
			buildConfigurationList = 5FAA2F2423A24C8A0016F4E5 /* Build configuration list for PBXProject "Club" */;
			compatibilityVersion = "Xcode 9.3";
			developmentRegion = en;
			hasScannedForEncodings = 0;
			knownRegions = (
				en,
				Base,
			);
			mainGroup = 5FAA2F2023A24C8A0016F4E5;
			productRefGroup = 5FAA2F2A23A24C8A0016F4E5 /* Products */;
			projectDirPath = "";
			projectRoot = "";
			targets = (
				5FAA2F2823A24C8A0016F4E5 /* Club */,
			);
		};
/* End PBXProject section */

/* Begin PBXResourcesBuildPhase section */
		5FAA2F2723A24C8A0016F4E5 /* Resources */ = {
			isa = PBXResourcesBuildPhase;
			buildActionMask = 2147483647;
			files = (
				5FAA2F3923A24C8C0016F4E5 /* LaunchScreen.storyboard in Resources */,
				5FAA2F3623A24C8C0016F4E5 /* Assets.xcassets in Resources */,
				5FAA2F3423A24C8A0016F4E5 /* Main.storyboard in Resources */,
			);
			runOnlyForDeploymentPostprocessing = 0;
		};
/* End PBXResourcesBuildPhase section */

/* Begin PBXShellScriptBuildPhase section */
		6AECF194D8010044A36E06C7 /* [CP] Embed Pods Frameworks */ = {
			isa = PBXShellScriptBuildPhase;
			buildActionMask = 2147483647;
			files = (
			);
			inputFileListPaths = (
				"${PODS_ROOT}/Target Support Files/Pods-Club/Pods-Club-frameworks-${CONFIGURATION}-input-files.xcfilelist",
			);
			name = "[CP] Embed Pods Frameworks";
			outputFileListPaths = (
				"${PODS_ROOT}/Target Support Files/Pods-Club/Pods-Club-frameworks-${CONFIGURATION}-output-files.xcfilelist",
			);
			runOnlyForDeploymentPostprocessing = 0;
			shellPath = /bin/sh;
			shellScript = "\"${PODS_ROOT}/Target Support Files/Pods-Club/Pods-Club-frameworks.sh\"\n";
			showEnvVarsInLog = 0;
		};
		A73F1356AF0CB3A6E0E79D75 /* [CP] Check Pods Manifest.lock */ = {
			isa = PBXShellScriptBuildPhase;
			buildActionMask = 2147483647;
			files = (
			);
			inputFileListPaths = (
			);
			inputPaths = (
				"${PODS_PODFILE_DIR_PATH}/Podfile.lock",
				"${PODS_ROOT}/Manifest.lock",
			);
			name = "[CP] Check Pods Manifest.lock";
			outputFileListPaths = (
			);
			outputPaths = (
				"$(DERIVED_FILE_DIR)/Pods-Club-checkManifestLockResult.txt",
			);
			runOnlyForDeploymentPostprocessing = 0;
			shellPath = /bin/sh;
			shellScript = "diff \"${PODS_PODFILE_DIR_PATH}/Podfile.lock\" \"${PODS_ROOT}/Manifest.lock\" > /dev/null\nif [ $? != 0 ] ; then\n    # print error to STDERR\n    echo \"error: The sandbox is not in sync with the Podfile.lock. Run 'pod install' or update your CocoaPods installation.\" >&2\n    exit 1\nfi\n# This output is used by Xcode 'outputs' to avoid re-running this script phase.\necho \"SUCCESS\" > \"${SCRIPT_OUTPUT_FILE_0}\"\n";
			showEnvVarsInLog = 0;
		};
/* End PBXShellScriptBuildPhase section */

/* Begin PBXSourcesBuildPhase section */
		5FAA2F2523A24C8A0016F4E5 /* Sources */ = {
			isa = PBXSourcesBuildPhase;
			buildActionMask = 2147483647;
			files = (
				5FAA2F3123A24C8A0016F4E5 /* ViewController.swift in Sources */,
				5FAA2F2D23A24C8A0016F4E5 /* AppDelegate.swift in Sources */,
				5FAA2F2F23A24C8A0016F4E5 /* SceneDelegate.swift in Sources */,
				5FAA2F4223A24DBE0016F4E5 /* Company.swift in Sources */,
			);
			runOnlyForDeploymentPostprocessing = 0;
		};
/* End PBXSourcesBuildPhase section */

/* Begin PBXVariantGroup section */
		5FAA2F3223A24C8A0016F4E5 /* Main.storyboard */ = {
			isa = PBXVariantGroup;
			children = (
				5FAA2F3323A24C8A0016F4E5 /* Base */,
			);
			name = Main.storyboard;
			sourceTree = "<group>";
		};
		5FAA2F3723A24C8C0016F4E5 /* LaunchScreen.storyboard */ = {
			isa = PBXVariantGroup;
			children = (
				5FAA2F3823A24C8C0016F4E5 /* Base */,
			);
			name = LaunchScreen.storyboard;
			sourceTree = "<group>";
		};
/* End PBXVariantGroup section */

/* Begin XCBuildConfiguration section */
		5FAA2F3B23A24C8C0016F4E5 /* Debug */ = {
			isa = XCBuildConfiguration;
			buildSettings = {
				ALWAYS_SEARCH_USER_PATHS = NO;
				CLANG_ANALYZER_NONNULL = YES;
				CLANG_ANALYZER_NUMBER_OBJECT_CONVERSION = YES_AGGRESSIVE;
				CLANG_CXX_LANGUAGE_STANDARD = "gnu++14";
				CLANG_CXX_LIBRARY = "libc++";
				CLANG_ENABLE_MODULES = YES;
				CLANG_ENABLE_OBJC_ARC = YES;
				CLANG_ENABLE_OBJC_WEAK = YES;
				CLANG_WARN_BLOCK_CAPTURE_AUTORELEASING = YES;
				CLANG_WARN_BOOL_CONVERSION = YES;
				CLANG_WARN_COMMA = YES;
				CLANG_WARN_CONSTANT_CONVERSION = YES;
				CLANG_WARN_DEPRECATED_OBJC_IMPLEMENTATIONS = YES;
				CLANG_WARN_DIRECT_OBJC_ISA_USAGE = YES_ERROR;
				CLANG_WARN_DOCUMENTATION_COMMENTS = YES;
				CLANG_WARN_EMPTY_BODY = YES;
				CLANG_WARN_ENUM_CONVERSION = YES;
				CLANG_WARN_INFINITE_RECURSION = YES;
				CLANG_WARN_INT_CONVERSION = YES;
				CLANG_WARN_NON_LITERAL_NULL_CONVERSION = YES;
				CLANG_WARN_OBJC_IMPLICIT_RETAIN_SELF = YES;
				CLANG_WARN_OBJC_LITERAL_CONVERSION = YES;
				CLANG_WARN_OBJC_ROOT_CLASS = YES_ERROR;
				CLANG_WARN_RANGE_LOOP_ANALYSIS = YES;
				CLANG_WARN_STRICT_PROTOTYPES = YES;
				CLANG_WARN_SUSPICIOUS_MOVE = YES;
				CLANG_WARN_UNGUARDED_AVAILABILITY = YES_AGGRESSIVE;
				CLANG_WARN_UNREACHABLE_CODE = YES;
				CLANG_WARN__DUPLICATE_METHOD_MATCH = YES;
				COPY_PHASE_STRIP = NO;
				DEBUG_INFORMATION_FORMAT = dwarf;
				ENABLE_STRICT_OBJC_MSGSEND = YES;
				ENABLE_TESTABILITY = YES;
				GCC_C_LANGUAGE_STANDARD = gnu11;
				GCC_DYNAMIC_NO_PIC = NO;
				GCC_NO_COMMON_BLOCKS = YES;
				GCC_OPTIMIZATION_LEVEL = 0;
				GCC_PREPROCESSOR_DEFINITIONS = (
					"DEBUG=1",
					"$(inherited)",
				);
				GCC_WARN_64_TO_32_BIT_CONVERSION = YES;
				GCC_WARN_ABOUT_RETURN_TYPE = YES_ERROR;
				GCC_WARN_UNDECLARED_SELECTOR = YES;
				GCC_WARN_UNINITIALIZED_AUTOS = YES_AGGRESSIVE;
				GCC_WARN_UNUSED_FUNCTION = YES;
				GCC_WARN_UNUSED_VARIABLE = YES;
				IPHONEOS_DEPLOYMENT_TARGET = 13.0;
				MTL_ENABLE_DEBUG_INFO = INCLUDE_SOURCE;
				MTL_FAST_MATH = YES;
				ONLY_ACTIVE_ARCH = YES;
				SDKROOT = iphoneos;
				SWIFT_ACTIVE_COMPILATION_CONDITIONS = DEBUG;
				SWIFT_OPTIMIZATION_LEVEL = "-Onone";
			};
			name = Debug;
		};
		5FAA2F3C23A24C8C0016F4E5 /* Release */ = {
			isa = XCBuildConfiguration;
			buildSettings = {
				ALWAYS_SEARCH_USER_PATHS = NO;
				CLANG_ANALYZER_NONNULL = YES;
				CLANG_ANALYZER_NUMBER_OBJECT_CONVERSION = YES_AGGRESSIVE;
				CLANG_CXX_LANGUAGE_STANDARD = "gnu++14";
				CLANG_CXX_LIBRARY = "libc++";
				CLANG_ENABLE_MODULES = YES;
				CLANG_ENABLE_OBJC_ARC = YES;
				CLANG_ENABLE_OBJC_WEAK = YES;
				CLANG_WARN_BLOCK_CAPTURE_AUTORELEASING = YES;
				CLANG_WARN_BOOL_CONVERSION = YES;
				CLANG_WARN_COMMA = YES;
				CLANG_WARN_CONSTANT_CONVERSION = YES;
				CLANG_WARN_DEPRECATED_OBJC_IMPLEMENTATIONS = YES;
				CLANG_WARN_DIRECT_OBJC_ISA_USAGE = YES_ERROR;
				CLANG_WARN_DOCUMENTATION_COMMENTS = YES;
				CLANG_WARN_EMPTY_BODY = YES;
				CLANG_WARN_ENUM_CONVERSION = YES;
				CLANG_WARN_INFINITE_RECURSION = YES;
				CLANG_WARN_INT_CONVERSION = YES;
				CLANG_WARN_NON_LITERAL_NULL_CONVERSION = YES;
				CLANG_WARN_OBJC_IMPLICIT_RETAIN_SELF = YES;
				CLANG_WARN_OBJC_LITERAL_CONVERSION = YES;
				CLANG_WARN_OBJC_ROOT_CLASS = YES_ERROR;
				CLANG_WARN_RANGE_LOOP_ANALYSIS = YES;
				CLANG_WARN_STRICT_PROTOTYPES = YES;
				CLANG_WARN_SUSPICIOUS_MOVE = YES;
				CLANG_WARN_UNGUARDED_AVAILABILITY = YES_AGGRESSIVE;
				CLANG_WARN_UNREACHABLE_CODE = YES;
				CLANG_WARN__DUPLICATE_METHOD_MATCH = YES;
				COPY_PHASE_STRIP = NO;
				DEBUG_INFORMATION_FORMAT = "dwarf-with-dsym";
				ENABLE_NS_ASSERTIONS = NO;
				ENABLE_STRICT_OBJC_MSGSEND = YES;
				GCC_C_LANGUAGE_STANDARD = gnu11;
				GCC_NO_COMMON_BLOCKS = YES;
				GCC_WARN_64_TO_32_BIT_CONVERSION = YES;
				GCC_WARN_ABOUT_RETURN_TYPE = YES_ERROR;
				GCC_WARN_UNDECLARED_SELECTOR = YES;
				GCC_WARN_UNINITIALIZED_AUTOS = YES_AGGRESSIVE;
				GCC_WARN_UNUSED_FUNCTION = YES;
				GCC_WARN_UNUSED_VARIABLE = YES;
				IPHONEOS_DEPLOYMENT_TARGET = 13.0;
				MTL_ENABLE_DEBUG_INFO = NO;
				MTL_FAST_MATH = YES;
				SDKROOT = iphoneos;
				SWIFT_COMPILATION_MODE = wholemodule;
				SWIFT_OPTIMIZATION_LEVEL = "-O";
				VALIDATE_PRODUCT = YES;
			};
			name = Release;
		};
		5FAA2F3E23A24C8C0016F4E5 /* Debug */ = {
			isa = XCBuildConfiguration;
			baseConfigurationReference = 83B107C50B9E2410427E05D0 /* Pods-Club.debug.xcconfig */;
			buildSettings = {
				ASSETCATALOG_COMPILER_APPICON_NAME = AppIcon;
				CODE_SIGN_STYLE = Automatic;
				INFOPLIST_FILE = Club/Info.plist;
				LD_RUNPATH_SEARCH_PATHS = (
					"$(inherited)",
					"@executable_path/Frameworks",
				);
				PRODUCT_BUNDLE_IDENTIFIER = com.test.Club;
				PRODUCT_NAME = "$(TARGET_NAME)";
				SWIFT_VERSION = 5.0;
				TARGETED_DEVICE_FAMILY = "1,2";
			};
			name = Debug;
		};
		5FAA2F3F23A24C8C0016F4E5 /* Release */ = {
			isa = XCBuildConfiguration;
			baseConfigurationReference = FB4A8898263C224833636F03 /* Pods-Club.release.xcconfig */;
			buildSettings = {
				ASSETCATALOG_COMPILER_APPICON_NAME = AppIcon;
				CODE_SIGN_STYLE = Automatic;
				INFOPLIST_FILE = Club/Info.plist;
				LD_RUNPATH_SEARCH_PATHS = (
					"$(inherited)",
					"@executable_path/Frameworks",
				);
				PRODUCT_BUNDLE_IDENTIFIER = com.test.Club;
				PRODUCT_NAME = "$(TARGET_NAME)";
				SWIFT_VERSION = 5.0;
				TARGETED_DEVICE_FAMILY = "1,2";
			};
			name = Release;
		};
/* End XCBuildConfiguration section */

/* Begin XCConfigurationList section */
		5FAA2F2423A24C8A0016F4E5 /* Build configuration list for PBXProject "Club" */ = {
			isa = XCConfigurationList;
			buildConfigurations = (
				5FAA2F3B23A24C8C0016F4E5 /* Debug */,
				5FAA2F3C23A24C8C0016F4E5 /* Release */,
			);
			defaultConfigurationIsVisible = 0;
			defaultConfigurationName = Release;
		};
		5FAA2F3D23A24C8C0016F4E5 /* Build configuration list for PBXNativeTarget "Club" */ = {
			isa = XCConfigurationList;
			buildConfigurations = (
				5FAA2F3E23A24C8C0016F4E5 /* Debug */,
				5FAA2F3F23A24C8C0016F4E5 /* Release */,
			);
			defaultConfigurationIsVisible = 0;
			defaultConfigurationName = Release;
		};
/* End XCConfigurationList section */
	};
	rootObject = 5FAA2F2123A24C8A0016F4E5 /* Project object */;
}
